
Microsoft Visual Studio Solution File, Format Version 12.00
Project("{FAE04EC0-301F-11D3-BF4B-00C04F79EFBC}") = "Lab1", "Lab1\Lab1.csproj", "{2BA3212F-6F67-4896-BE82-7C7F84633080}"
EndProject
Project("{FAE04EC0-301F-11D3-BF4B-00C04F79EFBC}") = "Domain", "Domain\Domain.csproj", "{699FAFDB-F815-491A-9EA2-CF9F3D545BF1}"
EndProject
Project("{FAE04EC0-301F-11D3-BF4B-00C04F79EFBC}") = "Tests", "Tests\Tests.csproj", "{F32EA9BE-D2C3-4BFE-B91E-81630C415331}"
EndProject
Project("{FAE04EC0-301F-11D3-BF4B-00C04F79EFBC}") = "Lab2", "Lab2\Lab2.csproj", "{893B805F-A936-41D7-8D3B-83B9C6A8813A}"
EndProject
Project("{FAE04EC0-301F-11D3-BF4B-00C04F79EFBC}") = "Lab3", "Lab3\Lab3.csproj", "{67B25917-23FA-4105-9F55-8D80EE06D38E}"
EndProject
Project("{FAE04EC0-301F-11D3-BF4B-00C04F79EFBC}") = "Lab4", "Lab4\Lab4.csproj", "{7E8CE1AF-758B-44E4-9B12-38DA9EB6AF63}"
EndProject
Project("{FAE04EC0-301F-11D3-BF4B-00C04F79EFBC}") = "Lab5", "Lab5\Lab5.csproj", "{38F23F9A-16D9-408F-80CA-55D9DA06A9E6}"
EndProject
Project("{FAE04EC0-301F-11D3-BF4B-00C04F79EFBC}") = "Lab3.Domain", "Lab3.Domain\Lab3.Domain.csproj", "{260CFF61-C367-4959-B0A3-7AFCF980500A}"
EndProject
Project("{FAE04EC0-301F-11D3-BF4B-00C04F79EFBC}") = "Lab6", "Lab6\Lab6.csproj", "{7EC28458-6479-487E-8345-F7E6D220D0F1}"
EndProject
Project("{FAE04EC0-301F-11D3-BF4B-00C04F79EFBC}") = "Lab11_WordAddIn", "Lab11_WordAddIn\Lab11_WordAddIn.csproj", "{9578D94A-F148-4A29-B921-5C2958AAFFC9}"
EndProject
Global
	GlobalSection(SolutionConfigurationPlatforms) = preSolution
		Debug|Any CPU = Debug|Any CPU
		Release|Any CPU = Release|Any CPU
	EndGlobalSection
	GlobalSection(ProjectConfigurationPlatforms) = postSolution
		{2BA3212F-6F67-4896-BE82-7C7F84633080}.Debug|Any CPU.ActiveCfg = Debug|Any CPU
		{2BA3212F-6F67-4896-BE82-7C7F84633080}.Debug|Any CPU.Build.0 = Debug|Any CPU
		{2BA3212F-6F67-4896-BE82-7C7F84633080}.Release|Any CPU.ActiveCfg = Release|Any CPU
		{2BA3212F-6F67-4896-BE82-7C7F84633080}.Release|Any CPU.Build.0 = Release|Any CPU
		{699FAFDB-F815-491A-9EA2-CF9F3D545BF1}.Debug|Any CPU.ActiveCfg = Debug|Any CPU
		{699FAFDB-F815-491A-9EA2-CF9F3D545BF1}.Debug|Any CPU.Build.0 = Debug|Any CPU
		{699FAFDB-F815-491A-9EA2-CF9F3D545BF1}.Release|Any CPU.ActiveCfg = Release|Any CPU
		{699FAFDB-F815-491A-9EA2-CF9F3D545BF1}.Release|Any CPU.Build.0 = Release|Any CPU
		{F32EA9BE-D2C3-4BFE-B91E-81630C415331}.Debug|Any CPU.ActiveCfg = Debug|Any CPU
		{F32EA9BE-D2C3-4BFE-B91E-81630C415331}.Debug|Any CPU.Build.0 = Debug|Any CPU
		{F32EA9BE-D2C3-4BFE-B91E-81630C415331}.Release|Any CPU.ActiveCfg = Release|Any CPU
		{F32EA9BE-D2C3-4BFE-B91E-81630C415331}.Release|Any CPU.Build.0 = Release|Any CPU
		{893B805F-A936-41D7-8D3B-83B9C6A8813A}.Debug|Any CPU.ActiveCfg = Debug|Any CPU
		{893B805F-A936-41D7-8D3B-83B9C6A8813A}.Debug|Any CPU.Build.0 = Debug|Any CPU
		{893B805F-A936-41D7-8D3B-83B9C6A8813A}.Release|Any CPU.ActiveCfg = Release|Any CPU
		{893B805F-A936-41D7-8D3B-83B9C6A8813A}.Release|Any CPU.Build.0 = Release|Any CPU
		{67B25917-23FA-4105-9F55-8D80EE06D38E}.Debug|Any CPU.ActiveCfg = Debug|Any CPU
		{67B25917-23FA-4105-9F55-8D80EE06D38E}.Debug|Any CPU.Build.0 = Debug|Any CPU
		{67B25917-23FA-4105-9F55-8D80EE06D38E}.Release|Any CPU.ActiveCfg = Release|Any CPU
		{67B25917-23FA-4105-9F55-8D80EE06D38E}.Release|Any CPU.Build.0 = Release|Any CPU
		{7E8CE1AF-758B-44E4-9B12-38DA9EB6AF63}.Debug|Any CPU.ActiveCfg = Debug|Any CPU
		{7E8CE1AF-758B-44E4-9B12-38DA9EB6AF63}.Debug|Any CPU.Build.0 = Debug|Any CPU
		{7E8CE1AF-758B-44E4-9B12-38DA9EB6AF63}.Release|Any CPU.ActiveCfg = Release|Any CPU
		{7E8CE1AF-758B-44E4-9B12-38DA9EB6AF63}.Release|Any CPU.Build.0 = Release|Any CPU
		{38F23F9A-16D9-408F-80CA-55D9DA06A9E6}.Debug|Any CPU.ActiveCfg = Debug|Any CPU
		{38F23F9A-16D9-408F-80CA-55D9DA06A9E6}.Debug|Any CPU.Build.0 = Debug|Any CPU
		{38F23F9A-16D9-408F-80CA-55D9DA06A9E6}.Release|Any CPU.ActiveCfg = Release|Any CPU
		{38F23F9A-16D9-408F-80CA-55D9DA06A9E6}.Release|Any CPU.Build.0 = Release|Any CPU
		{260CFF61-C367-4959-B0A3-7AFCF980500A}.Debug|Any CPU.ActiveCfg = Debug|Any CPU
		{260CFF61-C367-4959-B0A3-7AFCF980500A}.Debug|Any CPU.Build.0 = Debug|Any CPU
		{260CFF61-C367-4959-B0A3-7AFCF980500A}.Release|Any CPU.ActiveCfg = Release|Any CPU
		{260CFF61-C367-4959-B0A3-7AFCF980500A}.Release|Any CPU.Build.0 = Release|Any CPU
		{7EC28458-6479-487E-8345-F7E6D220D0F1}.Debug|Any CPU.ActiveCfg = Debug|Any CPU
		{7EC28458-6479-487E-8345-F7E6D220D0F1}.Debug|Any CPU.Build.0 = Debug|Any CPU
		{7EC28458-6479-487E-8345-F7E6D220D0F1}.Release|Any CPU.ActiveCfg = Release|Any CPU
		{7EC28458-6479-487E-8345-F7E6D220D0F1}.Release|Any CPU.Build.0 = Release|Any CPU
		{9578D94A-F148-4A29-B921-5C2958AAFFC9}.Debug|Any CPU.ActiveCfg = Debug|Any CPU
		{9578D94A-F148-4A29-B921-5C2958AAFFC9}.Debug|Any CPU.Build.0 = Debug|Any CPU
		{9578D94A-F148-4A29-B921-5C2958AAFFC9}.Release|Any CPU.ActiveCfg = Release|Any CPU
		{9578D94A-F148-4A29-B921-5C2958AAFFC9}.Release|Any CPU.Build.0 = Release|Any CPU
	EndGlobalSection
	GlobalSection(NestedProjects) = preSolution
	EndGlobalSection
EndGlobal
